{
  "name": "RhodesiaLanguage",
  "version": "0.1.3",
  "lockfileVersion": 3,
  "requires": true,
  "packages": {
    "": {
      "name": "RhodesiaLanguage",
      "version": "0.1.3",
      "license": "MIT",
      "devDependencies": {},
      "engines": {
        "vscode": "^1.79.0"
      }
    }
  }
}
